PODS:
  - Castle (3.1.2)
  - castle_flutter (2.1.1):
    - Castle (= 3.1.2)
    - Flutter
  - Flutter (1.0.0)

DEPENDENCIES:
  - castle_flutter (from `.symlinks/plugins/castle_flutter/ios`)
  - Flutter (from `Flutter`)

SPEC REPOS:
  trunk:
    - Castle

EXTERNAL SOURCES:
  castle_flutter:
    :path: ".symlinks/plugins/castle_flutter/ios"
  Flutter:
    :path: Flutter

SPEC CHECKSUMS:
  Castle: d8faeee423c4863d609b463bf343b30be4db1001
  castle_flutter: 47d8ae4fc855b8ccbcbde35a814958b687c905a6
  Flutter: e0871f40cf51350855a761d2e70bf5af5b9b5de7

PODFILE CHECKSUM: c4c93c5f6502fe2754f48404d3594bf779584011

COCOAPODS: 1.16.2
