PODS:
  - Castle (3.0.2)
  - castle_flutter (2.0.0):
    - Castle (= 3.0.2)
    - Flutter
  - Flutter (1.0.0)

DEPENDENCIES:
  - castle_flutter (from `.symlinks/plugins/castle_flutter/ios`)
  - Flutter (from `Flutter`)

SPEC REPOS:
  trunk:
    - Castle

EXTERNAL SOURCES:
  castle_flutter:
    :path: ".symlinks/plugins/castle_flutter/ios"
  Flutter:
    :path: Flutter

SPEC CHECKSUMS:
  Castle: f1a52f9d06ad1f1a2c7f1007006e4fe6e6684729
  castle_flutter: 0ae11912219008387ff84ce78a7a870540cfb6c1
  Flutter: 50d75fe2f02b26cc09d224853bb45737f8b3214a

PODFILE CHECKSUM: aafe91acc616949ddb318b77800a7f51bffa2a4c

COCOAPODS: 1.11.2
