PODS:
  - Castle (2.1.1)
  - castle_flutter (1.1.0):
    - Castle (= 2.1.1)
    - Flutter
  - Flutter (1.0.0)

DEPENDENCIES:
  - castle_flutter (from `.symlinks/plugins/castle_flutter/ios`)
  - Flutter (from `Flutter`)

SPEC REPOS:
  trunk:
    - Castle

EXTERNAL SOURCES:
  castle_flutter:
    :path: ".symlinks/plugins/castle_flutter/ios"
  Flutter:
    :path: Flutter

SPEC CHECKSUMS:
  Castle: 07f5ad0272b11fc847be2ab85a353fdf0076593d
  castle_flutter: 7bae096970192e776fc1ad5ce36f6937db650cdd
  Flutter: 434fef37c0980e73bb6479ef766c45957d4b510c

PODFILE CHECKSUM: aafe91acc616949ddb318b77800a7f51bffa2a4c

COCOAPODS: 1.10.1
